version = 1
requires-python = ">=3.11"

[[package]]
name = "azure-functions"
version = "1.21.3"
source = { registry = "https://pypi.org/simple" }
sdist = { url = "https://files.pythonhosted.org/packages/ee/6a/614f670cd8d28c68f744d849fafb654e6ab456954eb7160ddee25bfaa373/azure-functions-1.21.3.tar.gz", hash = "sha256:c359b9dbd2998c84d8595e31a28ffad4e8ca8dcfb4a3798327f776a67f964351", size = 205342 }
wheels = [
    { url = "https://files.pythonhosted.org/packages/85/9f/2ab4ee66cb803d48b4a685a2c0a1a20b8f54f9c8a4ac474ffe1ebc0f9466/azure_functions-1.21.3-py3-none-any.whl", hash = "sha256:6c45f5e61fe59328c81928a428d43c838e9ead52f1cde1628fcabb372fa10cc8", size = 185657 },
]

[[package]]
name = "repl-nix-workspace"
version = "0.1.0"
source = { virtual = "." }
dependencies = [
    { name = "azure-functions" },
]

[package.metadata]
requires-dist = [{ name = "azure-functions", specifier = ">=1.21.3" }]
